
Microsoft Visual Studio Solution File, Format Version 12.00
# Visual Studio 2012
Project("{FAE04EC0-301F-11D3-BF4B-00C04F79EFBC}") = "TryBGPext", "TryBGPext.csproj", "{AB5BD753-42DF-4CFF-8F00-9B5C55BF917F}"
EndProject
Project("{FAE04EC0-301F-11D3-BF4B-00C04F79EFBC}") = "WindowsService1", "..\WindowsService1\WindowsService1.csproj", "{4366055F-DBB7-4F05-B327-D23990391B2B}"
EndProject
Global
	GlobalSection(SolutionConfigurationPlatforms) = preSolution
		Debug|Any CPU = Debug|Any CPU
		Release|Any CPU = Release|Any CPU
	EndGlobalSection
	GlobalSection(ProjectConfigurationPlatforms) = postSolution
		{AB5BD753-42DF-4CFF-8F00-9B5C55BF917F}.Debug|Any CPU.ActiveCfg = Debug|Any CPU
		{AB5BD753-42DF-4CFF-8F00-9B5C55BF917F}.Debug|Any CPU.Build.0 = Debug|Any CPU
		{AB5BD753-42DF-4CFF-8F00-9B5C55BF917F}.Release|Any CPU.ActiveCfg = Release|Any CPU
		{AB5BD753-42DF-4CFF-8F00-9B5C55BF917F}.Release|Any CPU.Build.0 = Release|Any CPU
		{4366055F-DBB7-4F05-B327-D23990391B2B}.Debug|Any CPU.ActiveCfg = Debug|Any CPU
		{4366055F-DBB7-4F05-B327-D23990391B2B}.Debug|Any CPU.Build.0 = Debug|Any CPU
		{4366055F-DBB7-4F05-B327-D23990391B2B}.Release|Any CPU.ActiveCfg = Release|Any CPU
		{4366055F-DBB7-4F05-B327-D23990391B2B}.Release|Any CPU.Build.0 = Release|Any CPU
	EndGlobalSection
	GlobalSection(SolutionProperties) = preSolution
		HideSolutionNode = FALSE
	EndGlobalSection
EndGlobal
